
Microsoft Visual Studio Solution File, Format Version 12.00
# Visual Studio Version 16
VisualStudioVersion = 16.0.30517.126
MinimumVisualStudioVersion = 10.0.40219.1
Project("{9A19103F-16F7-4668-BE54-9A1E7A4F7556}") = "DIContainer", "DIContainer\DIContainer.csproj", "{4B461196-CB53-4DFC-9905-47ACDB099534}"
EndProject
Project("{FAE04EC0-301F-11D3-BF4B-00C04F79EFBC}") = "UnitTesting", "UnitTesting\UnitTesting.csproj", "{AF2893CF-8AB1-4B09-BF9E-58D449EBE953}"
EndProject
Global
	GlobalSection(SolutionConfigurationPlatforms) = preSolution
		Debug|Any CPU = Debug|Any CPU
		Release|Any CPU = Release|Any CPU
	EndGlobalSection
	GlobalSection(ProjectConfigurationPlatforms) = postSolution
		{4B461196-CB53-4DFC-9905-47ACDB099534}.Debug|Any CPU.ActiveCfg = Debug|Any CPU
		{4B461196-CB53-4DFC-9905-47ACDB099534}.Debug|Any CPU.Build.0 = Debug|Any CPU
		{4B461196-CB53-4DFC-9905-47ACDB099534}.Release|Any CPU.ActiveCfg = Release|Any CPU
		{4B461196-CB53-4DFC-9905-47ACDB099534}.Release|Any CPU.Build.0 = Release|Any CPU
		{AF2893CF-8AB1-4B09-BF9E-58D449EBE953}.Debug|Any CPU.ActiveCfg = Debug|Any CPU
		{AF2893CF-8AB1-4B09-BF9E-58D449EBE953}.Debug|Any CPU.Build.0 = Debug|Any CPU
		{AF2893CF-8AB1-4B09-BF9E-58D449EBE953}.Release|Any CPU.ActiveCfg = Release|Any CPU
		{AF2893CF-8AB1-4B09-BF9E-58D449EBE953}.Release|Any CPU.Build.0 = Release|Any CPU
	EndGlobalSection
	GlobalSection(SolutionProperties) = preSolution
		HideSolutionNode = FALSE
	EndGlobalSection
	GlobalSection(ExtensibilityGlobals) = postSolution
		SolutionGuid = {EC0CE291-5B28-450A-9626-45F1CA3B74B3}
	EndGlobalSection
EndGlobal
